
Microsoft Visual Studio Solution File, Format Version 12.00
# Visual Studio Version 17
VisualStudioVersion = 17.14.36109.1 d17.14
MinimumVisualStudioVersion = 10.0.40219.1
Project("{FAE04EC0-301F-11D3-BF4B-00C04F79EFBC}") = "Custom TryParse", "Custom TryParse\Custom TryParse.csproj", "{223E116F-0D41-494F-B83A-BDE6651C780E}"
EndProject
Global
	GlobalSection(SolutionConfigurationPlatforms) = preSolution
		Debug|Any CPU = Debug|Any CPU
		Release|Any CPU = Release|Any CPU
	EndGlobalSection
	GlobalSection(ProjectConfigurationPlatforms) = postSolution
		{223E116F-0D41-494F-B83A-BDE6651C780E}.Debug|Any CPU.ActiveCfg = Debug|Any CPU
		{223E116F-0D41-494F-B83A-BDE6651C780E}.Debug|Any CPU.Build.0 = Debug|Any CPU
		{223E116F-0D41-494F-B83A-BDE6651C780E}.Release|Any CPU.ActiveCfg = Release|Any CPU
		{223E116F-0D41-494F-B83A-BDE6651C780E}.Release|Any CPU.Build.0 = Release|Any CPU
	EndGlobalSection
	GlobalSection(SolutionProperties) = preSolution
		HideSolutionNode = FALSE
	EndGlobalSection
	GlobalSection(ExtensibilityGlobals) = postSolution
		SolutionGuid = {0BDF0BBD-1E21-4F33-917C-26E3DFB5CF2E}
	EndGlobalSection
EndGlobal
